// !$*UTF8*$!
{
	archiveVersion = 1;
	classes = {
	};
	objectVersion = 46;
	objects = {

/* Begin PBXBuildFile section */
		D6E083E51C837E4500E820A3 /* AppDelegate.swift in Sources */ = {isa = PBXBuildFile; fileRef = D6E083E41C837E4500E820A3 /* AppDelegate.swift */; };
		D6E083E71C837E4500E820A3 /* ViewController.swift in Sources */ = {isa = PBXBuildFile; fileRef = D6E083E61C837E4500E820A3 /* ViewController.swift */; };
		D6E083EA1C837E4500E820A3 /* Main.storyboard in Resources */ = {isa = PBXBuildFile; fileRef = D6E083E81C837E4500E820A3 /* Main.storyboard */; };
		D6E083EC1C837E4600E820A3 /* Assets.xcassets in Resources */ = {isa = PBXBuildFile; fileRef = D6E083EB1C837E4600E820A3 /* Assets.xcassets */; };
		D6E083EF1C837E4600E820A3 /* LaunchScreen.storyboard in Resources */ = {isa = PBXBuildFile; fileRef = D6E083ED1C837E4600E820A3 /* LaunchScreen.storyboard */; };
		D6E083F71C837F3E00E820A3 /* 4k.jpg in Resources */ = {isa = PBXBuildFile; fileRef = D6E083F61C837F3E00E820A3 /* 4k.jpg */; };
/* End PBXBuildFile section */

/* Begin PBXFileReference section */
		D6E083E11C837E4500E820A3 /* Cat Years.app */ = {isa = PBXFileReference; explicitFileType = wrapper.application; includeInIndex = 0; path = "Cat Years.app"; sourceTree = BUILT_PRODUCTS_DIR; };
		D6E083E41C837E4500E820A3 /* AppDelegate.swift */ = {isa = PBXFileReference; lastKnownFileType = sourcecode.swift; path = AppDelegate.swift; sourceTree = "<group>"; };
		D6E083E61C837E4500E820A3 /* ViewController.swift */ = {isa = PBXFileReference; lastKnownFileType = sourcecode.swift; path = ViewController.swift; sourceTree = "<group>"; };
		D6E083E91C837E4500E820A3 /* Base */ = {isa = PBXFileReference; lastKnownFileType = file.storyboard; name = Base; path = Base.lproj/Main.storyboard; sourceTree = "<group>"; };
		D6E083EB1C837E4600E820A3 /* Assets.xcassets */ = {isa = PBXFileReference; lastKnownFileType = folder.assetcatalog; path = Assets.xcassets; sourceTree = "<group>"; };
		D6E083EE1C837E4600E820A3 /* Base */ = {isa = PBXFileReference; lastKnownFileType = file.storyboard; name = Base; path = Base.lproj/LaunchScreen.storyboard; sourceTree = "<group>"; };
		D6E083F01C837E4600E820A3 /* Info.plist */ = {isa = PBXFileReference; lastKnownFileType = text.plist.xml; path = Info.plist; sourceTree = "<group>"; };
		D6E083F61C837F3E00E820A3 /* 4k.jpg */ = {isa = PBXFileReference; lastKnownFileType = image.jpeg; path = 4k.jpg; sourceTree = "<group>"; };
/* End PBXFileReference section */

/* Begin PBXFrameworksBuildPhase section */
		D6E083DE1C837E4500E820A3 /* Frameworks */ = {
			isa = PBXFrameworksBuildPhase;
			buildActionMask = 2147483647;
			files = (
			);
			runOnlyForDeploymentPostprocessing = 0;
		};
/* End PBXFrameworksBuildPhase section */

/* Begin PBXGroup section */
		D6E083D81C837E4500E820A3 = {
			isa = PBXGroup;
			children = (
				D6E083E31C837E4500E820A3 /* Cat Years */,
				D6E083E21C837E4500E820A3 /* Products */,
			);
			sourceTree = "<group>";
		};
		D6E083E21C837E4500E820A3 /* Products */ = {
			isa = PBXGroup;
			children = (
				D6E083E11C837E4500E820A3 /* Cat Years.app */,
			);
			name = Products;
			sourceTree = "<group>";
		};
		D6E083E31C837E4500E820A3 /* Cat Years */ = {
			isa = PBXGroup;
			children = (
				D6E083E41C837E4500E820A3 /* AppDelegate.swift */,
				D6E083E61C837E4500E820A3 /* ViewController.swift */,
				D6E083E81C837E4500E820A3 /* Main.storyboard */,
				D6E083F61C837F3E00E820A3 /* 4k.jpg */,
				D6E083EB1C837E4600E820A3 /* Assets.xcassets */,
				D6E083ED1C837E4600E820A3 /* LaunchScreen.storyboard */,
				D6E083F01C837E4600E820A3 /* Info.plist */,
			);
			path = "Cat Years";
			sourceTree = "<group>";
		};
/* End PBXGroup section */

/* Begin PBXNativeTarget section */
		D6E083E01C837E4500E820A3 /* Cat Years */ = {
			isa = PBXNativeTarget;
			buildConfigurationList = D6E083F31C837E4600E820A3 /* Build configuration list for PBXNativeTarget "Cat Years" */;
			buildPhases = (
				D6E083DD1C837E4500E820A3 /* Sources */,
				D6E083DE1C837E4500E820A3 /* Frameworks */,
				D6E083DF1C837E4500E820A3 /* Resources */,
			);
			buildRules = (
			);
			dependencies = (
			);
			name = "Cat Years";
			productName = "Cat Years";
			productReference = D6E083E11C837E4500E820A3 /* Cat Years.app */;
			productType = "com.apple.product-type.application";
		};
/* End PBXNativeTarget section */

/* Begin PBXProject section */
		D6E083D91C837E4500E820A3 /* Project object */ = {
			isa = PBXProject;
			attributes = {
				LastSwiftUpdateCheck = 0720;
				LastUpgradeCheck = 0720;
				ORGANIZATIONNAME = SpiderApps;
				TargetAttributes = {
					D6E083E01C837E4500E820A3 = {
						CreatedOnToolsVersion = 7.2.1;
						DevelopmentTeam = RKTHN4ARKT;
					};
				};
			};
			buildConfigurationList = D6E083DC1C837E4500E820A3 /* Build configuration list for PBXProject "Cat Years" */;
			compatibilityVersion = "Xcode 3.2";
			developmentRegion = English;
			hasScannedForEncodings = 0;
			knownRegions = (
				en,
				Base,
			);
			mainGroup = D6E083D81C837E4500E820A3;
			productRefGroup = D6E083E21C837E4500E820A3 /* Products */;
			projectDirPath = "";
			projectRoot = "";
			targets = (
				D6E083E01C837E4500E820A3 /* Cat Years */,
			);
		};
/* End PBXProject section */

/* Begin PBXResourcesBuildPhase section */
		D6E083DF1C837E4500E820A3 /* Resources */ = {
			isa = PBXResourcesBuildPhase;
			buildActionMask = 2147483647;
			files = (
				D6E083F71C837F3E00E820A3 /* 4k.jpg in Resources */,
				D6E083EF1C837E4600E820A3 /* LaunchScreen.storyboard in Resources */,
				D6E083EC1C837E4600E820A3 /* Assets.xcassets in Resources */,
				D6E083EA1C837E4500E820A3 /* Main.storyboard in Resources */,
			);
			runOnlyForDeploymentPostprocessing = 0;
		};
/* End PBXResourcesBuildPhase section */

/* Begin PBXSourcesBuildPhase section */
		D6E083DD1C837E4500E820A3 /* Sources */ = {
			isa = PBXSourcesBuildPhase;
			buildActionMask = 2147483647;
			files = (
				D6E083E71C837E4500E820A3 /* ViewController.swift in Sources */,
				D6E083E51C837E4500E820A3 /* AppDelegate.swift in Sources */,
			);
			runOnlyForDeploymentPostprocessing = 0;
		};
/* End PBXSourcesBuildPhase section */

/* Begin PBXVariantGroup section */
		D6E083E81C837E4500E820A3 /* Main.storyboard */ = {
			isa = PBXVariantGroup;
			children = (
				D6E083E91C837E4500E820A3 /* Base */,
			);
			name = Main.storyboard;
			sourceTree = "<group>";
		};
		D6E083ED1C837E4600E820A3 /* LaunchScreen.storyboard */ = {
			isa = PBXVariantGroup;
			children = (
				D6E083EE1C837E4600E820A3 /* Base */,
			);
			name = LaunchScreen.storyboard;
			sourceTree = "<group>";
		};
/* End PBXVariantGroup section */

/* Begin XCBuildConfiguration section */
		D6E083F11C837E4600E820A3 /* Debug */ = {
			isa = XCBuildConfiguration;
			buildSettings = {
				ALWAYS_SEARCH_USER_PATHS = NO;
				CLANG_CXX_LANGUAGE_STANDARD = "gnu++0x";
				CLANG_CXX_LIBRARY = "libc++";
				CLANG_ENABLE_MODULES = YES;
				CLANG_ENABLE_OBJC_ARC = YES;
				CLANG_WARN_BOOL_CONVERSION = YES;
				CLANG_WARN_CONSTANT_CONVERSION = YES;
				CLANG_WARN_DIRECT_OBJC_ISA_USAGE = YES_ERROR;
				CLANG_WARN_EMPTY_BODY = YES;
				CLANG_WARN_ENUM_CONVERSION = YES;
				CLANG_WARN_INT_CONVERSION = YES;
				CLANG_WARN_OBJC_ROOT_CLASS = YES_ERROR;
				CLANG_WARN_UNREACHABLE_CODE = YES;
				CLANG_WARN__DUPLICATE_METHOD_MATCH = YES;
				"CODE_SIGN_IDENTITY[sdk=iphoneos*]" = "iPhone Developer";
				COPY_PHASE_STRIP = NO;
				DEBUG_INFORMATION_FORMAT = dwarf;
				ENABLE_STRICT_OBJC_MSGSEND = YES;
				ENABLE_TESTABILITY = YES;
				GCC_C_LANGUAGE_STANDARD = gnu99;
				GCC_DYNAMIC_NO_PIC = NO;
				GCC_NO_COMMON_BLOCKS = YES;
				GCC_OPTIMIZATION_LEVEL = 0;
				GCC_PREPROCESSOR_DEFINITIONS = (
					"DEBUG=1",
					"$(inherited)",
				);
				GCC_WARN_64_TO_32_BIT_CONVERSION = YES;
				GCC_WARN_ABOUT_RETURN_TYPE = YES_ERROR;
				GCC_WARN_UNDECLARED_SELECTOR = YES;
				GCC_WARN_UNINITIALIZED_AUTOS = YES_AGGRESSIVE;
				GCC_WARN_UNUSED_FUNCTION = YES;
				GCC_WARN_UNUSED_VARIABLE = YES;
				IPHONEOS_DEPLOYMENT_TARGET = 9.2;
				MTL_ENABLE_DEBUG_INFO = YES;
				ONLY_ACTIVE_ARCH = YES;
				SDKROOT = iphoneos;
				SWIFT_OPTIMIZATION_LEVEL = "-Onone";
			};
			name = Debug;
		};
		D6E083F21C837E4600E820A3 /* Release */ = {
			isa = XCBuildConfiguration;
			buildSettings = {
				ALWAYS_SEARCH_USER_PATHS = NO;
				CLANG_CXX_LANGUAGE_STANDARD = "gnu++0x";
				CLANG_CXX_LIBRARY = "libc++";
				CLANG_ENABLE_MODULES = YES;
				CLANG_ENABLE_OBJC_ARC = YES;
				CLANG_WARN_BOOL_CONVERSION = YES;
				CLANG_WARN_CONSTANT_CONVERSION = YES;
				CLANG_WARN_DIRECT_OBJC_ISA_USAGE = YES_ERROR;
				CLANG_WARN_EMPTY_BODY = YES;
				CLANG_WARN_ENUM_CONVERSION = YES;
				CLANG_WARN_INT_CONVERSION = YES;
				CLANG_WARN_OBJC_ROOT_CLASS = YES_ERROR;
				CLANG_WARN_UNREACHABLE_CODE = YES;
				CLANG_WARN__DUPLICATE_METHOD_MATCH = YES;
				"CODE_SIGN_IDENTITY[sdk=iphoneos*]" = "iPhone Developer";
				COPY_PHASE_STRIP = NO;
				DEBUG_INFORMATION_FORMAT = "dwarf-with-dsym";
				ENABLE_NS_ASSERTIONS = NO;
				ENABLE_STRICT_OBJC_MSGSEND = YES;
				GCC_C_LANGUAGE_STANDARD = gnu99;
				GCC_NO_COMMON_BLOCKS = YES;
				GCC_WARN_64_TO_32_BIT_CONVERSION = YES;
				GCC_WARN_ABOUT_RETURN_TYPE = YES_ERROR;
				GCC_WARN_UNDECLARED_SELECTOR = YES;
				GCC_WARN_UNINITIALIZED_AUTOS = YES_AGGRESSIVE;
				GCC_WARN_UNUSED_FUNCTION = YES;
				GCC_WARN_UNUSED_VARIABLE = YES;
				IPHONEOS_DEPLOYMENT_TARGET = 9.2;
				MTL_ENABLE_DEBUG_INFO = NO;
				SDKROOT = iphoneos;
				VALIDATE_PRODUCT = YES;
			};
			name = Release;
		};
		D6E083F41C837E4600E820A3 /* Debug */ = {
			isa = XCBuildConfiguration;
			buildSettings = {
				ASSETCATALOG_COMPILER_APPICON_NAME = AppIcon;
				INFOPLIST_FILE = "Cat Years/Info.plist";
				LD_RUNPATH_SEARCH_PATHS = "$(inherited) @executable_path/Frameworks";
				PRODUCT_BUNDLE_IDENTIFIER = "com.SpiderApps.Cat-Years";
				PRODUCT_NAME = "$(TARGET_NAME)";
			};
			name = Debug;
		};
		D6E083F51C837E4600E820A3 /* Release */ = {
			isa = XCBuildConfiguration;
			buildSettings = {
				ASSETCATALOG_COMPILER_APPICON_NAME = AppIcon;
				INFOPLIST_FILE = "Cat Years/Info.plist";
				LD_RUNPATH_SEARCH_PATHS = "$(inherited) @executable_path/Frameworks";
				PRODUCT_BUNDLE_IDENTIFIER = "com.SpiderApps.Cat-Years";
				PRODUCT_NAME = "$(TARGET_NAME)";
			};
			name = Release;
		};
/* End XCBuildConfiguration section */

/* Begin XCConfigurationList section */
		D6E083DC1C837E4500E820A3 /* Build configuration list for PBXProject "Cat Years" */ = {
			isa = XCConfigurationList;
			buildConfigurations = (
				D6E083F11C837E4600E820A3 /* Debug */,
				D6E083F21C837E4600E820A3 /* Release */,
			);
			defaultConfigurationIsVisible = 0;
			defaultConfigurationName = Release;
		};
		D6E083F31C837E4600E820A3 /* Build configuration list for PBXNativeTarget "Cat Years" */ = {
			isa = XCConfigurationList;
			buildConfigurations = (
				D6E083F41C837E4600E820A3 /* Debug */,
				D6E083F51C837E4600E820A3 /* Release */,
			);
			defaultConfigurationIsVisible = 0;
		};
/* End XCConfigurationList section */
	};
	rootObject = D6E083D91C837E4500E820A3 /* Project object */;
}
